// !$*UTF8*$!
{
	archiveVersion = 1;
	classes = {
	};
	objectVersion = 55;
	objects = {

/* Begin PBXBuildFile section */
		1248EDD71108354BDABA5CED /* Pods_shareApp_1.framework in Frameworks */ = {isa = PBXBuildFile; fileRef = 7185E98E5A8CAEE5EEEDA482 /* Pods_shareApp_1.framework */; };
		F73ECB462953198300C55981 /* GoogleService-Info.plist in Resources */ = {isa = PBXBuildFile; fileRef = F73ECB452953198300C55981 /* GoogleService-Info.plist */; };
		F7A30DA5296EBA4C0066D82B /* sharelist.swift in Sources */ = {isa = PBXBuildFile; fileRef = F7A30DA4296EBA4C0066D82B /* sharelist.swift */; };
		F7A30DC2296ED7E50066D82B /* ToDoView.swift in Sources */ = {isa = PBXBuildFile; fileRef = F7A30DC1296ED7E50066D82B /* ToDoView.swift */; };
		F7C8BE572940936B00FCED4C /* shareApp_1App.swift in Sources */ = {isa = PBXBuildFile; fileRef = F7C8BE562940936B00FCED4C /* shareApp_1App.swift */; };
		F7C8BE592940936B00FCED4C /* ContentView.swift in Sources */ = {isa = PBXBuildFile; fileRef = F7C8BE582940936B00FCED4C /* ContentView.swift */; };
		F7C8BE5B2940936C00FCED4C /* Assets.xcassets in Resources */ = {isa = PBXBuildFile; fileRef = F7C8BE5A2940936C00FCED4C /* Assets.xcassets */; };
		F7C8BE5E2940936C00FCED4C /* Preview Assets.xcassets in Resources */ = {isa = PBXBuildFile; fileRef = F7C8BE5D2940936C00FCED4C /* Preview Assets.xcassets */; };
		F7C8BE652940ADA000FCED4C /* DateView.swift in Sources */ = {isa = PBXBuildFile; fileRef = F7C8BE642940ADA000FCED4C /* DateView.swift */; };
		F7C8BE672940B09100FCED4C /* BatteryViewModal.swift in Sources */ = {isa = PBXBuildFile; fileRef = F7C8BE662940B09100FCED4C /* BatteryViewModal.swift */; };
		F7FC43922949CAAD00F4BBE2 /* SecondView.swift in Sources */ = {isa = PBXBuildFile; fileRef = F7FC43912949CAAD00F4BBE2 /* SecondView.swift */; };
/* End PBXBuildFile section */

/* Begin PBXFileReference section */
		2FDAE8BA8816443DEBBD8705 /* Pods-shareApp_1.release.xcconfig */ = {isa = PBXFileReference; includeInIndex = 1; lastKnownFileType = text.xcconfig; name = "Pods-shareApp_1.release.xcconfig"; path = "Target Support Files/Pods-shareApp_1/Pods-shareApp_1.release.xcconfig"; sourceTree = "<group>"; };
		7185E98E5A8CAEE5EEEDA482 /* Pods_shareApp_1.framework */ = {isa = PBXFileReference; explicitFileType = wrapper.framework; includeInIndex = 0; path = Pods_shareApp_1.framework; sourceTree = BUILT_PRODUCTS_DIR; };
		E5E8ADF0754C31515388C437 /* Pods-shareApp_1.debug.xcconfig */ = {isa = PBXFileReference; includeInIndex = 1; lastKnownFileType = text.xcconfig; name = "Pods-shareApp_1.debug.xcconfig"; path = "Target Support Files/Pods-shareApp_1/Pods-shareApp_1.debug.xcconfig"; sourceTree = "<group>"; };
		F73ECB452953198300C55981 /* GoogleService-Info.plist */ = {isa = PBXFileReference; fileEncoding = 4; lastKnownFileType = text.plist.xml; name = "GoogleService-Info.plist"; path = "../../../Downloads/GoogleService-Info.plist"; sourceTree = "<group>"; };
		F7A30DA4296EBA4C0066D82B /* sharelist.swift */ = {isa = PBXFileReference; lastKnownFileType = sourcecode.swift; path = sharelist.swift; sourceTree = "<group>"; };
		F7A30DC1296ED7E50066D82B /* ToDoView.swift */ = {isa = PBXFileReference; lastKnownFileType = sourcecode.swift; path = ToDoView.swift; sourceTree = "<group>"; };
		F7C8BE532940936B00FCED4C /* shareApp_1.app */ = {isa = PBXFileReference; explicitFileType = wrapper.application; includeInIndex = 0; path = shareApp_1.app; sourceTree = BUILT_PRODUCTS_DIR; };
		F7C8BE562940936B00FCED4C /* shareApp_1App.swift */ = {isa = PBXFileReference; lastKnownFileType = sourcecode.swift; path = shareApp_1App.swift; sourceTree = "<group>"; };
		F7C8BE582940936B00FCED4C /* ContentView.swift */ = {isa = PBXFileReference; lastKnownFileType = sourcecode.swift; path = ContentView.swift; sourceTree = "<group>"; };
		F7C8BE5A2940936C00FCED4C /* Assets.xcassets */ = {isa = PBXFileReference; lastKnownFileType = folder.assetcatalog; path = Assets.xcassets; sourceTree = "<group>"; };
		F7C8BE5D2940936C00FCED4C /* Preview Assets.xcassets */ = {isa = PBXFileReference; lastKnownFileType = folder.assetcatalog; path = "Preview Assets.xcassets"; sourceTree = "<group>"; };
		F7C8BE642940ADA000FCED4C /* DateView.swift */ = {isa = PBXFileReference; lastKnownFileType = sourcecode.swift; path = DateView.swift; sourceTree = "<group>"; };
		F7C8BE662940B09100FCED4C /* BatteryViewModal.swift */ = {isa = PBXFileReference; lastKnownFileType = sourcecode.swift; path = BatteryViewModal.swift; sourceTree = "<group>"; };
		F7FC43912949CAAD00F4BBE2 /* SecondView.swift */ = {isa = PBXFileReference; lastKnownFileType = sourcecode.swift; path = SecondView.swift; sourceTree = "<group>"; };
/* End PBXFileReference section */

/* Begin PBXFrameworksBuildPhase section */
		F7C8BE502940936B00FCED4C /* Frameworks */ = {
			isa = PBXFrameworksBuildPhase;
			buildActionMask = 2147483647;
			files = (
				1248EDD71108354BDABA5CED /* Pods_shareApp_1.framework in Frameworks */,
			);
			runOnlyForDeploymentPostprocessing = 0;
		};
/* End PBXFrameworksBuildPhase section */

/* Begin PBXGroup section */
		240A3F4FAF960117087E0476 /* Frameworks */ = {
			isa = PBXGroup;
			children = (
				7185E98E5A8CAEE5EEEDA482 /* Pods_shareApp_1.framework */,
			);
			name = Frameworks;
			sourceTree = "<group>";
		};
		D120BC96E401BDE1C4CD1678 /* Pods */ = {
			isa = PBXGroup;
			children = (
				E5E8ADF0754C31515388C437 /* Pods-shareApp_1.debug.xcconfig */,
				2FDAE8BA8816443DEBBD8705 /* Pods-shareApp_1.release.xcconfig */,
			);
			path = Pods;
			sourceTree = "<group>";
		};
		F7C8BE4A2940936B00FCED4C = {
			isa = PBXGroup;
			children = (
				F7A30DC1296ED7E50066D82B /* ToDoView.swift */,
				F7C8BE552940936B00FCED4C /* shareApp_1 */,
				F7C8BE542940936B00FCED4C /* Products */,
				D120BC96E401BDE1C4CD1678 /* Pods */,
				240A3F4FAF960117087E0476 /* Frameworks */,
			);
			sourceTree = "<group>";
		};
		F7C8BE542940936B00FCED4C /* Products */ = {
			isa = PBXGroup;
			children = (
				F7C8BE532940936B00FCED4C /* shareApp_1.app */,
			);
			name = Products;
			sourceTree = "<group>";
		};
		F7C8BE552940936B00FCED4C /* shareApp_1 */ = {
			isa = PBXGroup;
			children = (
				F7C8BE562940936B00FCED4C /* shareApp_1App.swift */,
				F7C8BE582940936B00FCED4C /* ContentView.swift */,
				F7A30DA4296EBA4C0066D82B /* sharelist.swift */,
				F7C8BE642940ADA000FCED4C /* DateView.swift */,
				F7FC43912949CAAD00F4BBE2 /* SecondView.swift */,
				F7C8BE662940B09100FCED4C /* BatteryViewModal.swift */,
				F7C8BE5A2940936C00FCED4C /* Assets.xcassets */,
				F73ECB452953198300C55981 /* GoogleService-Info.plist */,
				F7C8BE5C2940936C00FCED4C /* Preview Content */,
			);
			path = shareApp_1;
			sourceTree = "<group>";
		};
		F7C8BE5C2940936C00FCED4C /* Preview Content */ = {
			isa = PBXGroup;
			children = (
				F7C8BE5D2940936C00FCED4C /* Preview Assets.xcassets */,
			);
			path = "Preview Content";
			sourceTree = "<group>";
		};
/* End PBXGroup section */

/* Begin PBXNativeTarget section */
		F7C8BE522940936B00FCED4C /* shareApp_1 */ = {
			isa = PBXNativeTarget;
			buildConfigurationList = F7C8BE612940936C00FCED4C /* Build configuration list for PBXNativeTarget "shareApp_1" */;
			buildPhases = (
				792A93354F6E2800517EAE36 /* [CP] Check Pods Manifest.lock */,
				F7C8BE4F2940936B00FCED4C /* Sources */,
				F7C8BE502940936B00FCED4C /* Frameworks */,
				F7C8BE512940936B00FCED4C /* Resources */,
				91856480C2702C4D78CECD62 /* [CP] Embed Pods Frameworks */,
			);
			buildRules = (
			);
			dependencies = (
			);
			name = shareApp_1;
			productName = shareApp_1;
			productReference = F7C8BE532940936B00FCED4C /* shareApp_1.app */;
			productType = "com.apple.product-type.application";
		};
/* End PBXNativeTarget section */

/* Begin PBXProject section */
		F7C8BE4B2940936B00FCED4C /* Project object */ = {
			isa = PBXProject;
			attributes = {
				BuildIndependentTargetsInParallel = 1;
				LastSwiftUpdateCheck = 1310;
				LastUpgradeCheck = 1310;
				TargetAttributes = {
					F7C8BE522940936B00FCED4C = {
						CreatedOnToolsVersion = 13.1;
					};
				};
			};
			buildConfigurationList = F7C8BE4E2940936B00FCED4C /* Build configuration list for PBXProject "shareApp_1" */;
			compatibilityVersion = "Xcode 13.0";
			developmentRegion = en;
			hasScannedForEncodings = 0;
			knownRegions = (
				en,
				Base,
			);
			mainGroup = F7C8BE4A2940936B00FCED4C;
			productRefGroup = F7C8BE542940936B00FCED4C /* Products */;
			projectDirPath = "";
			projectRoot = "";
			targets = (
				F7C8BE522940936B00FCED4C /* shareApp_1 */,
			);
		};
/* End PBXProject section */

/* Begin PBXResourcesBuildPhase section */
		F7C8BE512940936B00FCED4C /* Resources */ = {
			isa = PBXResourcesBuildPhase;
			buildActionMask = 2147483647;
			files = (
				F7C8BE5E2940936C00FCED4C /* Preview Assets.xcassets in Resources */,
				F7C8BE5B2940936C00FCED4C /* Assets.xcassets in Resources */,
				F73ECB462953198300C55981 /* GoogleService-Info.plist in Resources */,
			);
			runOnlyForDeploymentPostprocessing = 0;
		};
/* End PBXResourcesBuildPhase section */

/* Begin PBXShellScriptBuildPhase section */
		792A93354F6E2800517EAE36 /* [CP] Check Pods Manifest.lock */ = {
			isa = PBXShellScriptBuildPhase;
			buildActionMask = 2147483647;
			files = (
			);
			inputFileListPaths = (
			);
			inputPaths = (
				"${PODS_PODFILE_DIR_PATH}/Podfile.lock",
				"${PODS_ROOT}/Manifest.lock",
			);
			name = "[CP] Check Pods Manifest.lock";
			outputFileListPaths = (
			);
			outputPaths = (
				"$(DERIVED_FILE_DIR)/Pods-shareApp_1-checkManifestLockResult.txt",
			);
			runOnlyForDeploymentPostprocessing = 0;
			shellPath = /bin/sh;
			shellScript = "diff \"${PODS_PODFILE_DIR_PATH}/Podfile.lock\" \"${PODS_ROOT}/Manifest.lock\" > /dev/null\nif [ $? != 0 ] ; then\n    # print error to STDERR\n    echo \"error: The sandbox is not in sync with the Podfile.lock. Run 'pod install' or update your CocoaPods installation.\" >&2\n    exit 1\nfi\n# This output is used by Xcode 'outputs' to avoid re-running this script phase.\necho \"SUCCESS\" > \"${SCRIPT_OUTPUT_FILE_0}\"\n";
			showEnvVarsInLog = 0;
		};
		91856480C2702C4D78CECD62 /* [CP] Embed Pods Frameworks */ = {
			isa = PBXShellScriptBuildPhase;
			buildActionMask = 2147483647;
			files = (
			);
			inputFileListPaths = (
				"${PODS_ROOT}/Target Support Files/Pods-shareApp_1/Pods-shareApp_1-frameworks-${CONFIGURATION}-input-files.xcfilelist",
			);
			name = "[CP] Embed Pods Frameworks";
			outputFileListPaths = (
				"${PODS_ROOT}/Target Support Files/Pods-shareApp_1/Pods-shareApp_1-frameworks-${CONFIGURATION}-output-files.xcfilelist",
			);
			runOnlyForDeploymentPostprocessing = 0;
			shellPath = /bin/sh;
			shellScript = "\"${PODS_ROOT}/Target Support Files/Pods-shareApp_1/Pods-shareApp_1-frameworks.sh\"\n";
			showEnvVarsInLog = 0;
		};
/* End PBXShellScriptBuildPhase section */

/* Begin PBXSourcesBuildPhase section */
		F7C8BE4F2940936B00FCED4C /* Sources */ = {
			isa = PBXSourcesBuildPhase;
			buildActionMask = 2147483647;
			files = (
				F7C8BE672940B09100FCED4C /* BatteryViewModal.swift in Sources */,
				F7FC43922949CAAD00F4BBE2 /* SecondView.swift in Sources */,
				F7C8BE652940ADA000FCED4C /* DateView.swift in Sources */,
				F7A30DA5296EBA4C0066D82B /* sharelist.swift in Sources */,
				F7A30DC2296ED7E50066D82B /* ToDoView.swift in Sources */,
				F7C8BE592940936B00FCED4C /* ContentView.swift in Sources */,
				F7C8BE572940936B00FCED4C /* shareApp_1App.swift in Sources */,
			);
			runOnlyForDeploymentPostprocessing = 0;
		};
/* End PBXSourcesBuildPhase section */

/* Begin XCBuildConfiguration section */
		F7C8BE5F2940936C00FCED4C /* Debug */ = {
			isa = XCBuildConfiguration;
			buildSettings = {
				ALWAYS_SEARCH_USER_PATHS = NO;
				CLANG_ANALYZER_NONNULL = YES;
				CLANG_ANALYZER_NUMBER_OBJECT_CONVERSION = YES_AGGRESSIVE;
				CLANG_CXX_LANGUAGE_STANDARD = "gnu++17";
				CLANG_CXX_LIBRARY = "libc++";
				CLANG_ENABLE_MODULES = YES;
				CLANG_ENABLE_OBJC_ARC = YES;
				CLANG_ENABLE_OBJC_WEAK = YES;
				CLANG_WARN_BLOCK_CAPTURE_AUTORELEASING = YES;
				CLANG_WARN_BOOL_CONVERSION = YES;
				CLANG_WARN_COMMA = YES;
				CLANG_WARN_CONSTANT_CONVERSION = YES;
				CLANG_WARN_DEPRECATED_OBJC_IMPLEMENTATIONS = YES;
				CLANG_WARN_DIRECT_OBJC_ISA_USAGE = YES_ERROR;
				CLANG_WARN_DOCUMENTATION_COMMENTS = YES;
				CLANG_WARN_EMPTY_BODY = YES;
				CLANG_WARN_ENUM_CONVERSION = YES;
				CLANG_WARN_INFINITE_RECURSION = YES;
				CLANG_WARN_INT_CONVERSION = YES;
				CLANG_WARN_NON_LITERAL_NULL_CONVERSION = YES;
				CLANG_WARN_OBJC_IMPLICIT_RETAIN_SELF = YES;
				CLANG_WARN_OBJC_LITERAL_CONVERSION = YES;
				CLANG_WARN_OBJC_ROOT_CLASS = YES_ERROR;
				CLANG_WARN_QUOTED_INCLUDE_IN_FRAMEWORK_HEADER = YES;
				CLANG_WARN_RANGE_LOOP_ANALYSIS = YES;
				CLANG_WARN_STRICT_PROTOTYPES = YES;
				CLANG_WARN_SUSPICIOUS_MOVE = YES;
				CLANG_WARN_UNGUARDED_AVAILABILITY = YES_AGGRESSIVE;
				CLANG_WARN_UNREACHABLE_CODE = YES;
				CLANG_WARN__DUPLICATE_METHOD_MATCH = YES;
				COPY_PHASE_STRIP = NO;
				DEBUG_INFORMATION_FORMAT = dwarf;
				ENABLE_STRICT_OBJC_MSGSEND = YES;
				ENABLE_TESTABILITY = YES;
				GCC_C_LANGUAGE_STANDARD = gnu11;
				GCC_DYNAMIC_NO_PIC = NO;
				GCC_NO_COMMON_BLOCKS = YES;
				GCC_OPTIMIZATION_LEVEL = 0;
				GCC_PREPROCESSOR_DEFINITIONS = (
					"DEBUG=1",
					"$(inherited)",
				);
				GCC_WARN_64_TO_32_BIT_CONVERSION = YES;
				GCC_WARN_ABOUT_RETURN_TYPE = YES_ERROR;
				GCC_WARN_UNDECLARED_SELECTOR = YES;
				GCC_WARN_UNINITIALIZED_AUTOS = YES_AGGRESSIVE;
				GCC_WARN_UNUSED_FUNCTION = YES;
				GCC_WARN_UNUSED_VARIABLE = YES;
				IPHONEOS_DEPLOYMENT_TARGET = 15.0;
				MTL_ENABLE_DEBUG_INFO = INCLUDE_SOURCE;
				MTL_FAST_MATH = YES;
				ONLY_ACTIVE_ARCH = YES;
				SDKROOT = iphoneos;
				SWIFT_ACTIVE_COMPILATION_CONDITIONS = DEBUG;
				SWIFT_OPTIMIZATION_LEVEL = "-Onone";
			};
			name = Debug;
		};
		F7C8BE602940936C00FCED4C /* Release */ = {
			isa = XCBuildConfiguration;
			buildSettings = {
				ALWAYS_SEARCH_USER_PATHS = NO;
				CLANG_ANALYZER_NONNULL = YES;
				CLANG_ANALYZER_NUMBER_OBJECT_CONVERSION = YES_AGGRESSIVE;
				CLANG_CXX_LANGUAGE_STANDARD = "gnu++17";
				CLANG_CXX_LIBRARY = "libc++";
				CLANG_ENABLE_MODULES = YES;
				CLANG_ENABLE_OBJC_ARC = YES;
				CLANG_ENABLE_OBJC_WEAK = YES;
				CLANG_WARN_BLOCK_CAPTURE_AUTORELEASING = YES;
				CLANG_WARN_BOOL_CONVERSION = YES;
				CLANG_WARN_COMMA = YES;
				CLANG_WARN_CONSTANT_CONVERSION = YES;
				CLANG_WARN_DEPRECATED_OBJC_IMPLEMENTATIONS = YES;
				CLANG_WARN_DIRECT_OBJC_ISA_USAGE = YES_ERROR;
				CLANG_WARN_DOCUMENTATION_COMMENTS = YES;
				CLANG_WARN_EMPTY_BODY = YES;
				CLANG_WARN_ENUM_CONVERSION = YES;
				CLANG_WARN_INFINITE_RECURSION = YES;
				CLANG_WARN_INT_CONVERSION = YES;
				CLANG_WARN_NON_LITERAL_NULL_CONVERSION = YES;
				CLANG_WARN_OBJC_IMPLICIT_RETAIN_SELF = YES;
				CLANG_WARN_OBJC_LITERAL_CONVERSION = YES;
				CLANG_WARN_OBJC_ROOT_CLASS = YES_ERROR;
				CLANG_WARN_QUOTED_INCLUDE_IN_FRAMEWORK_HEADER = YES;
				CLANG_WARN_RANGE_LOOP_ANALYSIS = YES;
				CLANG_WARN_STRICT_PROTOTYPES = YES;
				CLANG_WARN_SUSPICIOUS_MOVE = YES;
				CLANG_WARN_UNGUARDED_AVAILABILITY = YES_AGGRESSIVE;
				CLANG_WARN_UNREACHABLE_CODE = YES;
				CLANG_WARN__DUPLICATE_METHOD_MATCH = YES;
				COPY_PHASE_STRIP = NO;
				DEBUG_INFORMATION_FORMAT = "dwarf-with-dsym";
				ENABLE_NS_ASSERTIONS = NO;
				ENABLE_STRICT_OBJC_MSGSEND = YES;
				GCC_C_LANGUAGE_STANDARD = gnu11;
				GCC_NO_COMMON_BLOCKS = YES;
				GCC_WARN_64_TO_32_BIT_CONVERSION = YES;
				GCC_WARN_ABOUT_RETURN_TYPE = YES_ERROR;
				GCC_WARN_UNDECLARED_SELECTOR = YES;
				GCC_WARN_UNINITIALIZED_AUTOS = YES_AGGRESSIVE;
				GCC_WARN_UNUSED_FUNCTION = YES;
				GCC_WARN_UNUSED_VARIABLE = YES;
				IPHONEOS_DEPLOYMENT_TARGET = 15.0;
				MTL_ENABLE_DEBUG_INFO = NO;
				MTL_FAST_MATH = YES;
				SDKROOT = iphoneos;
				SWIFT_COMPILATION_MODE = wholemodule;
				SWIFT_OPTIMIZATION_LEVEL = "-O";
				VALIDATE_PRODUCT = YES;
			};
			name = Release;
		};
		F7C8BE622940936C00FCED4C /* Debug */ = {
			isa = XCBuildConfiguration;
			baseConfigurationReference = E5E8ADF0754C31515388C437 /* Pods-shareApp_1.debug.xcconfig */;
			buildSettings = {
				ASSETCATALOG_COMPILER_APPICON_NAME = AppIcon;
				ASSETCATALOG_COMPILER_GLOBAL_ACCENT_COLOR_NAME = AccentColor;
				CODE_SIGN_STYLE = Automatic;
				CURRENT_PROJECT_VERSION = 1;
				DEVELOPMENT_ASSET_PATHS = "\"shareApp_1/Preview Content\"";
				DEVELOPMENT_TEAM = 72232PNF8Y;
				ENABLE_PREVIEWS = YES;
				GENERATE_INFOPLIST_FILE = YES;
				INFOPLIST_KEY_NSLocationWhenInUseUsageDescription = "位置情報の使用を許可しますか？";
				INFOPLIST_KEY_UIApplicationSceneManifest_Generation = YES;
				INFOPLIST_KEY_UIApplicationSupportsIndirectInputEvents = YES;
				INFOPLIST_KEY_UILaunchScreen_Generation = YES;
				INFOPLIST_KEY_UISupportedInterfaceOrientations_iPad = "UIInterfaceOrientationPortrait UIInterfaceOrientationPortraitUpsideDown UIInterfaceOrientationLandscapeLeft UIInterfaceOrientationLandscapeRight";
				INFOPLIST_KEY_UISupportedInterfaceOrientations_iPhone = "UIInterfaceOrientationPortrait UIInterfaceOrientationLandscapeLeft UIInterfaceOrientationLandscapeRight";
				IPHONEOS_DEPLOYMENT_TARGET = 16.1;
				LD_RUNPATH_SEARCH_PATHS = (
					"$(inherited)",
					"@executable_path/Frameworks",
				);
				MARKETING_VERSION = 1.0;
				PRODUCT_BUNDLE_IDENTIFIER = "com.shareApp-1";
				PRODUCT_NAME = "$(TARGET_NAME)";
				SWIFT_EMIT_LOC_STRINGS = YES;
				SWIFT_VERSION = 5.0;
				TARGETED_DEVICE_FAMILY = "1,2";
			};
			name = Debug;
		};
		F7C8BE632940936C00FCED4C /* Release */ = {
			isa = XCBuildConfiguration;
			baseConfigurationReference = 2FDAE8BA8816443DEBBD8705 /* Pods-shareApp_1.release.xcconfig */;
			buildSettings = {
				ASSETCATALOG_COMPILER_APPICON_NAME = AppIcon;
				ASSETCATALOG_COMPILER_GLOBAL_ACCENT_COLOR_NAME = AccentColor;
				CODE_SIGN_STYLE = Automatic;
				CURRENT_PROJECT_VERSION = 1;
				DEVELOPMENT_ASSET_PATHS = "\"shareApp_1/Preview Content\"";
				DEVELOPMENT_TEAM = 72232PNF8Y;
				ENABLE_PREVIEWS = YES;
				GENERATE_INFOPLIST_FILE = YES;
				INFOPLIST_KEY_NSLocationWhenInUseUsageDescription = "位置情報の使用を許可しますか？";
				INFOPLIST_KEY_UIApplicationSceneManifest_Generation = YES;
				INFOPLIST_KEY_UIApplicationSupportsIndirectInputEvents = YES;
				INFOPLIST_KEY_UILaunchScreen_Generation = YES;
				INFOPLIST_KEY_UISupportedInterfaceOrientations_iPad = "UIInterfaceOrientationPortrait UIInterfaceOrientationPortraitUpsideDown UIInterfaceOrientationLandscapeLeft UIInterfaceOrientationLandscapeRight";
				INFOPLIST_KEY_UISupportedInterfaceOrientations_iPhone = "UIInterfaceOrientationPortrait UIInterfaceOrientationLandscapeLeft UIInterfaceOrientationLandscapeRight";
				IPHONEOS_DEPLOYMENT_TARGET = 16.1;
				LD_RUNPATH_SEARCH_PATHS = (
					"$(inherited)",
					"@executable_path/Frameworks",
				);
				MARKETING_VERSION = 1.0;
				PRODUCT_BUNDLE_IDENTIFIER = "com.shareApp-1";
				PRODUCT_NAME = "$(TARGET_NAME)";
				SWIFT_EMIT_LOC_STRINGS = YES;
				SWIFT_VERSION = 5.0;
				TARGETED_DEVICE_FAMILY = "1,2";
			};
			name = Release;
		};
/* End XCBuildConfiguration section */

/* Begin XCConfigurationList section */
		F7C8BE4E2940936B00FCED4C /* Build configuration list for PBXProject "shareApp_1" */ = {
			isa = XCConfigurationList;
			buildConfigurations = (
				F7C8BE5F2940936C00FCED4C /* Debug */,
				F7C8BE602940936C00FCED4C /* Release */,
			);
			defaultConfigurationIsVisible = 0;
			defaultConfigurationName = Release;
		};
		F7C8BE612940936C00FCED4C /* Build configuration list for PBXNativeTarget "shareApp_1" */ = {
			isa = XCConfigurationList;
			buildConfigurations = (
				F7C8BE622940936C00FCED4C /* Debug */,
				F7C8BE632940936C00FCED4C /* Release */,
			);
			defaultConfigurationIsVisible = 0;
			defaultConfigurationName = Release;
		};
/* End XCConfigurationList section */
	};
	rootObject = F7C8BE4B2940936B00FCED4C /* Project object */;
}
